<?xml version="1.0" encoding="utf-8"?>
<Project ToolsVersion="4.0" xmlns="http://schemas.microsoft.com/developer/msbuild/2003">
  <ItemGroup>
    <ClCompile Include="command.cpp">
      <Filter>Source Files</Filter>
    </ClCompile>
    <ClCompile Include="config.cpp">
      <Filter>Source Files</Filter>
    </ClCompile>
    <ClCompile Include="dllmain.cpp">
      <Filter>Source Files</Filter>
    </ClCompile>
    <ClCompile Include="hook.cpp">
      <Filter>Source Files</Filter>
    </ClCompile>
    <ClCompile Include="ini.cpp">
      <Filter>Source Files</Filter>
    </ClCompile>
    <ClCompile Include="log.cpp">
      <Filter>Source Files</Filter>
    </ClCompile>
    <ClCompile Include="parameter.cpp">
      <Filter>Source Files</Filter>
    </ClCompile>
    <ClCompile Include="render.cpp">
      <Filter>Source Files</Filter>
    </ClCompile>
  </ItemGroup>
  <ItemGroup>
    <ClInclude Include="command.h">
      <Filter>Header Files</Filter>
    </ClInclude>
    <ClInclude Include="config.h">
      <Filter>Header Files</Filter>
    </ClInclude>
    <ClInclude Include="hook.h">
      <Filter>Header Files</Filter>
    </ClInclude>
    <ClInclude Include="ini.h">
      <Filter>Header Files</Filter>
    </ClInclude>
    <ClInclude Include="log.h">
      <Filter>Header Files</Filter>
    </ClInclude>
    <ClInclude Include="parameter.h">
      <Filter>Header Files</Filter>
    </ClInclude>
    <ClInclude Include="render.h">
      <Filter>Header Files</Filter>
    </ClInclude>
    <ClInclude Include="MinHook\include\MinHook.h">
      <Filter>Header Files</Filter>
    </ClInclude>
  </ItemGroup>
  <ItemGroup>
    <Filter Include="Source Files">
      <UniqueIdentifier>{8ffe7d08-7c8a-40f6-b621-5df94a118c67}</UniqueIdentifier>
      <Extensions>.cpp</Extensions>
    </Filter>
    <Filter Include="Header Files">
      <UniqueIdentifier>{c24a5ec7-49c4-4600-9936-f28a7bdf3d31}</UniqueIdentifier>
      <Extensions>.h</Extensions>
    </Filter>
  </ItemGroup>
</Project>